
Microsoft Visual Studio Solution File, Format Version 12.00
# Visual Studio Version 17
VisualStudioVersion = 17.4.33205.214
MinimumVisualStudioVersion = 10.0.40219.1
Project("{9A19103F-16F7-4668-BE54-9A1E7A4F7556}") = "StudentClass.MVC", "StudentClass\StudentClass.MVC.csproj", "{5F11FA90-3705-4AC4-8D57-B975C68C9EB4}"
EndProject
Project("{9A19103F-16F7-4668-BE54-9A1E7A4F7556}") = "StudentClass.Test", "StudentClass.Test\StudentClass.Test.csproj", "{91B319AA-6165-4B35-B610-8D8240531981}"
EndProject
Project("{9A19103F-16F7-4668-BE54-9A1E7A4F7556}") = "StudentClass.API", "StudentClass.API\StudentClass.API.csproj", "{1BCA31FC-1A1D-4694-9330-EBE75C849263}"
EndProject
Project("{9A19103F-16F7-4668-BE54-9A1E7A4F7556}") = "StudentClass.Infrastructure", "StudentClass.Infrastructure\StudentClass.Infrastructure.csproj", "{727728CA-94B6-45CB-AFC7-BDCD28DA529E}"
EndProject
Project("{9A19103F-16F7-4668-BE54-9A1E7A4F7556}") = "StudentClass.Domain", "StudentClass.Domain\StudentClass.Domain.csproj", "{46F0AD31-D695-4E14-85DA-0A0174E855E7}"
EndProject
Project("{FAE04EC0-301F-11D3-BF4B-00C04F79EFBC}") = "StudentClass.Application", "StudentClass.Application\StudentClass.Application.csproj", "{5E92CBFA-6A54-4345-B9E6-A86E2B59C074}"
EndProject
Global
	GlobalSection(SolutionConfigurationPlatforms) = preSolution
		Debug|Any CPU = Debug|Any CPU
		Release|Any CPU = Release|Any CPU
	EndGlobalSection
	GlobalSection(ProjectConfigurationPlatforms) = postSolution
		{5F11FA90-3705-4AC4-8D57-B975C68C9EB4}.Debug|Any CPU.ActiveCfg = Debug|Any CPU
		{5F11FA90-3705-4AC4-8D57-B975C68C9EB4}.Debug|Any CPU.Build.0 = Debug|Any CPU
		{5F11FA90-3705-4AC4-8D57-B975C68C9EB4}.Release|Any CPU.ActiveCfg = Release|Any CPU
		{5F11FA90-3705-4AC4-8D57-B975C68C9EB4}.Release|Any CPU.Build.0 = Release|Any CPU
		{91B319AA-6165-4B35-B610-8D8240531981}.Debug|Any CPU.ActiveCfg = Debug|Any CPU
		{91B319AA-6165-4B35-B610-8D8240531981}.Debug|Any CPU.Build.0 = Debug|Any CPU
		{91B319AA-6165-4B35-B610-8D8240531981}.Release|Any CPU.ActiveCfg = Release|Any CPU
		{91B319AA-6165-4B35-B610-8D8240531981}.Release|Any CPU.Build.0 = Release|Any CPU
		{1BCA31FC-1A1D-4694-9330-EBE75C849263}.Debug|Any CPU.ActiveCfg = Debug|Any CPU
		{1BCA31FC-1A1D-4694-9330-EBE75C849263}.Debug|Any CPU.Build.0 = Debug|Any CPU
		{1BCA31FC-1A1D-4694-9330-EBE75C849263}.Release|Any CPU.ActiveCfg = Release|Any CPU
		{1BCA31FC-1A1D-4694-9330-EBE75C849263}.Release|Any CPU.Build.0 = Release|Any CPU
		{727728CA-94B6-45CB-AFC7-BDCD28DA529E}.Debug|Any CPU.ActiveCfg = Debug|Any CPU
		{727728CA-94B6-45CB-AFC7-BDCD28DA529E}.Debug|Any CPU.Build.0 = Debug|Any CPU
		{727728CA-94B6-45CB-AFC7-BDCD28DA529E}.Release|Any CPU.ActiveCfg = Release|Any CPU
		{727728CA-94B6-45CB-AFC7-BDCD28DA529E}.Release|Any CPU.Build.0 = Release|Any CPU
		{46F0AD31-D695-4E14-85DA-0A0174E855E7}.Debug|Any CPU.ActiveCfg = Debug|Any CPU
		{46F0AD31-D695-4E14-85DA-0A0174E855E7}.Debug|Any CPU.Build.0 = Debug|Any CPU
		{46F0AD31-D695-4E14-85DA-0A0174E855E7}.Release|Any CPU.ActiveCfg = Release|Any CPU
		{46F0AD31-D695-4E14-85DA-0A0174E855E7}.Release|Any CPU.Build.0 = Release|Any CPU
		{5E92CBFA-6A54-4345-B9E6-A86E2B59C074}.Debug|Any CPU.ActiveCfg = Debug|Any CPU
		{5E92CBFA-6A54-4345-B9E6-A86E2B59C074}.Debug|Any CPU.Build.0 = Debug|Any CPU
		{5E92CBFA-6A54-4345-B9E6-A86E2B59C074}.Release|Any CPU.ActiveCfg = Release|Any CPU
		{5E92CBFA-6A54-4345-B9E6-A86E2B59C074}.Release|Any CPU.Build.0 = Release|Any CPU
	EndGlobalSection
	GlobalSection(SolutionProperties) = preSolution
		HideSolutionNode = FALSE
	EndGlobalSection
	GlobalSection(ExtensibilityGlobals) = postSolution
		SolutionGuid = {CC913224-C7C9-495F-B49C-A4ACCEE7EE1B}
	EndGlobalSection
EndGlobal
